
Microsoft Visual Studio Solution File, Format Version 12.00
# Visual Studio Version 17
VisualStudioVersion = 17.4.33213.308
MinimumVisualStudioVersion = 10.0.40219.1
Project("{2150E333-8FDC-42A3-9474-1A3956D46DE8}") = "Doc", "Doc", "{874EA262-024D-4311-92E0-062E4F9BFDB1}"
EndProject
Project("{2150E333-8FDC-42A3-9474-1A3956D46DE8}") = "Src", "Src", "{7880E0DD-6F1C-46B3-B282-476BAF82C79B}"
EndProject
Project("{2150E333-8FDC-42A3-9474-1A3956D46DE8}") = "Test", "Test", "{65E4642D-D75E-41DA-8426-E76C81C10451}"
EndProject
Project("{2150E333-8FDC-42A3-9474-1A3956D46DE8}") = "Common", "Common", "{BAFF84A7-DD2E-4DFD-9257-FD666BFBF65F}"
EndProject
Project("{2150E333-8FDC-42A3-9474-1A3956D46DE8}") = "Core", "Core", "{722CAFC0-091D-416B-ABF0-93556638ADE3}"
EndProject
Project("{2150E333-8FDC-42A3-9474-1A3956D46DE8}") = "Infrastructure", "Infrastructure", "{01EF88B5-C967-4518-A418-3ECA0AE9D398}"
EndProject
Project("{2150E333-8FDC-42A3-9474-1A3956D46DE8}") = "Presentation", "Presentation", "{6CC23C29-ECC8-4B1C-86BF-8D068D7FC057}"
EndProject
Project("{FAE04EC0-301F-11D3-BF4B-00C04F79EFBC}") = "test50.Common", "test50.Common\test50.Common.csproj", "{C1F753E4-1C3C-45A5-9ED9-683C8B3A22E0}"
EndProject
Project("{FAE04EC0-301F-11D3-BF4B-00C04F79EFBC}") = "test50.Application", "test50.Application\test50.Application.csproj", "{129CB90D-CFF2-44CC-A3CF-03AB6BBA652C}"
EndProject
Project("{FAE04EC0-301F-11D3-BF4B-00C04F79EFBC}") = "test50.Domain", "test50.Domain\test50.Domain.csproj", "{B882A243-F7AF-44CA-8CE6-5142BC2FC11D}"
EndProject
Project("{FAE04EC0-301F-11D3-BF4B-00C04F79EFBC}") = "test50.Persistence", "test50.Persistence\test50.Persistence.csproj", "{90EABDE6-B8B6-41DE-940B-9E54ACB555AD}"
EndProject
Project("{FAE04EC0-301F-11D3-BF4B-00C04F79EFBC}") = "test50.Infrastructure", "test50.Infrastructure\test50.Infrastructure.csproj", "{90249F18-EDCF-4C6B-A98B-4DF67E8E1BD9}"
EndProject
Project("{FAE04EC0-301F-11D3-BF4B-00C04F79EFBC}") = "Endpoint.Site", "Endpoint.Site\Endpoint.Site.csproj", "{2DEE806D-E56D-4E64-81C6-4DBA36B3313F}"
EndProject
Global
	GlobalSection(SolutionConfigurationPlatforms) = preSolution
		Debug|Any CPU = Debug|Any CPU
		Release|Any CPU = Release|Any CPU
	EndGlobalSection
	GlobalSection(ProjectConfigurationPlatforms) = postSolution
		{C1F753E4-1C3C-45A5-9ED9-683C8B3A22E0}.Debug|Any CPU.ActiveCfg = Debug|Any CPU
		{C1F753E4-1C3C-45A5-9ED9-683C8B3A22E0}.Debug|Any CPU.Build.0 = Debug|Any CPU
		{C1F753E4-1C3C-45A5-9ED9-683C8B3A22E0}.Release|Any CPU.ActiveCfg = Release|Any CPU
		{C1F753E4-1C3C-45A5-9ED9-683C8B3A22E0}.Release|Any CPU.Build.0 = Release|Any CPU
		{129CB90D-CFF2-44CC-A3CF-03AB6BBA652C}.Debug|Any CPU.ActiveCfg = Debug|Any CPU
		{129CB90D-CFF2-44CC-A3CF-03AB6BBA652C}.Debug|Any CPU.Build.0 = Debug|Any CPU
		{129CB90D-CFF2-44CC-A3CF-03AB6BBA652C}.Release|Any CPU.ActiveCfg = Release|Any CPU
		{129CB90D-CFF2-44CC-A3CF-03AB6BBA652C}.Release|Any CPU.Build.0 = Release|Any CPU
		{B882A243-F7AF-44CA-8CE6-5142BC2FC11D}.Debug|Any CPU.ActiveCfg = Debug|Any CPU
		{B882A243-F7AF-44CA-8CE6-5142BC2FC11D}.Debug|Any CPU.Build.0 = Debug|Any CPU
		{B882A243-F7AF-44CA-8CE6-5142BC2FC11D}.Release|Any CPU.ActiveCfg = Release|Any CPU
		{B882A243-F7AF-44CA-8CE6-5142BC2FC11D}.Release|Any CPU.Build.0 = Release|Any CPU
		{90EABDE6-B8B6-41DE-940B-9E54ACB555AD}.Debug|Any CPU.ActiveCfg = Debug|Any CPU
		{90EABDE6-B8B6-41DE-940B-9E54ACB555AD}.Debug|Any CPU.Build.0 = Debug|Any CPU
		{90EABDE6-B8B6-41DE-940B-9E54ACB555AD}.Release|Any CPU.ActiveCfg = Release|Any CPU
		{90EABDE6-B8B6-41DE-940B-9E54ACB555AD}.Release|Any CPU.Build.0 = Release|Any CPU
		{90249F18-EDCF-4C6B-A98B-4DF67E8E1BD9}.Debug|Any CPU.ActiveCfg = Debug|Any CPU
		{90249F18-EDCF-4C6B-A98B-4DF67E8E1BD9}.Debug|Any CPU.Build.0 = Debug|Any CPU
		{90249F18-EDCF-4C6B-A98B-4DF67E8E1BD9}.Release|Any CPU.ActiveCfg = Release|Any CPU
		{90249F18-EDCF-4C6B-A98B-4DF67E8E1BD9}.Release|Any CPU.Build.0 = Release|Any CPU
		{2DEE806D-E56D-4E64-81C6-4DBA36B3313F}.Debug|Any CPU.ActiveCfg = Debug|Any CPU
		{2DEE806D-E56D-4E64-81C6-4DBA36B3313F}.Debug|Any CPU.Build.0 = Debug|Any CPU
		{2DEE806D-E56D-4E64-81C6-4DBA36B3313F}.Release|Any CPU.ActiveCfg = Release|Any CPU
		{2DEE806D-E56D-4E64-81C6-4DBA36B3313F}.Release|Any CPU.Build.0 = Release|Any CPU
	EndGlobalSection
	GlobalSection(SolutionProperties) = preSolution
		HideSolutionNode = FALSE
	EndGlobalSection
	GlobalSection(NestedProjects) = preSolution
		{BAFF84A7-DD2E-4DFD-9257-FD666BFBF65F} = {7880E0DD-6F1C-46B3-B282-476BAF82C79B}
		{722CAFC0-091D-416B-ABF0-93556638ADE3} = {7880E0DD-6F1C-46B3-B282-476BAF82C79B}
		{01EF88B5-C967-4518-A418-3ECA0AE9D398} = {7880E0DD-6F1C-46B3-B282-476BAF82C79B}
		{6CC23C29-ECC8-4B1C-86BF-8D068D7FC057} = {7880E0DD-6F1C-46B3-B282-476BAF82C79B}
		{C1F753E4-1C3C-45A5-9ED9-683C8B3A22E0} = {BAFF84A7-DD2E-4DFD-9257-FD666BFBF65F}
		{129CB90D-CFF2-44CC-A3CF-03AB6BBA652C} = {722CAFC0-091D-416B-ABF0-93556638ADE3}
		{B882A243-F7AF-44CA-8CE6-5142BC2FC11D} = {722CAFC0-091D-416B-ABF0-93556638ADE3}
		{90EABDE6-B8B6-41DE-940B-9E54ACB555AD} = {01EF88B5-C967-4518-A418-3ECA0AE9D398}
		{90249F18-EDCF-4C6B-A98B-4DF67E8E1BD9} = {01EF88B5-C967-4518-A418-3ECA0AE9D398}
		{2DEE806D-E56D-4E64-81C6-4DBA36B3313F} = {6CC23C29-ECC8-4B1C-86BF-8D068D7FC057}
	EndGlobalSection
	GlobalSection(ExtensibilityGlobals) = postSolution
		SolutionGuid = {B1814512-3F78-4DCC-88F7-4A0857F20B7A}
	EndGlobalSection
EndGlobal
